
Microsoft Visual Studio Solution File, Format Version 12.00
# Visual Studio Version 17
VisualStudioVersion = 17.2.32630.192
MinimumVisualStudioVersion = 10.0.40219.1
Project("{9A19103F-16F7-4668-BE54-9A1E7A4F7556}") = "R5T.S0070", "R5T.S0070\R5T.S0070.csproj", "{1AF55908-BAFD-43AD-BD1E-D5E39108D7E6}"
EndProject
Project("{2150E333-8FDC-42A3-9474-1A3956D46DE8}") = "_Dependencies", "_Dependencies", "{98ADB278-5E19-427E-8508-5A56D5E0DA0B}"
EndProject
Project("{9A19103F-16F7-4668-BE54-9A1E7A4F7556}") = "R5T.O0008", "..\..\R5T.O0008\source\R5T.O0008\R5T.O0008.csproj", "{E95FF2F5-E931-4A25-892C-2C9497730390}"
EndProject
Project("{9A19103F-16F7-4668-BE54-9A1E7A4F7556}") = "R5T.F0000", "..\..\R5T.F0000\source\R5T.F0000\R5T.F0000.csproj", "{3E2FB4A3-8110-452B-A50D-05BA64820853}"
EndProject
Project("{9A19103F-16F7-4668-BE54-9A1E7A4F7556}") = "R5T.F0002", "..\..\R5T.F0002\source\R5T.F0002\R5T.F0002.csproj", "{5EA0BB80-03E7-4DAF-83FC-78FB9BE57395}"
EndProject
Project("{9A19103F-16F7-4668-BE54-9A1E7A4F7556}") = "R5T.F0053", "..\..\R5T.F0053\source\R5T.F0053\R5T.F0053.csproj", "{E132EBEF-8760-4CDC-AB4D-170D9F4D46A7}"
EndProject
Project("{9A19103F-16F7-4668-BE54-9A1E7A4F7556}") = "R5T.F0054", "..\..\R5T.F0054\source\R5T.F0054\R5T.F0054.csproj", "{1F4CE423-BC6E-47AF-A1AE-F1DC5950924D}"
EndProject
Project("{9A19103F-16F7-4668-BE54-9A1E7A4F7556}") = "R5T.F0078", "..\..\R5T.F0078\source\R5T.F0078\R5T.F0078.csproj", "{BA9C68C3-80E3-4370-8D5A-E3B16BCF65D2}"
EndProject
Project("{9A19103F-16F7-4668-BE54-9A1E7A4F7556}") = "R5T.F0079", "..\..\R5T.F0079\source\R5T.F0079\R5T.F0079.csproj", "{78E48E57-B6BA-41AF-A691-94A5CC9B15BC}"
EndProject
Project("{9A19103F-16F7-4668-BE54-9A1E7A4F7556}") = "R5T.F0083.R001", "..\..\R5T.F0083\source\R5T.F0083.R001\R5T.F0083.R001.csproj", "{6171E8E2-C19E-4125-A99E-8C7616790B60}"
EndProject
Project("{9A19103F-16F7-4668-BE54-9A1E7A4F7556}") = "R5T.F0083", "..\..\R5T.F0083\source\R5T.F0083\R5T.F0083.csproj", "{AAE032F0-106D-40F3-9FE6-E79CD4F872E3}"
EndProject
Project("{9A19103F-16F7-4668-BE54-9A1E7A4F7556}") = "R5T.F0086", "..\..\R5T.F0086\source\R5T.F0086\R5T.F0086.csproj", "{AF113224-BA0B-4ED5-80DF-F52335C25932}"
EndProject
Project("{9A19103F-16F7-4668-BE54-9A1E7A4F7556}") = "R5T.F0120", "..\..\R5T.F0120\source\R5T.F0120\R5T.F0120.csproj", "{40E634DF-4FB8-4543-8082-0206462E4F08}"
EndProject
Project("{9A19103F-16F7-4668-BE54-9A1E7A4F7556}") = "R5T.F0124", "..\..\R5T.F0124\source\R5T.F0124\R5T.F0124.csproj", "{57FEF601-D392-4650-BD2A-470CD9539D1F}"
EndProject
Project("{9A19103F-16F7-4668-BE54-9A1E7A4F7556}") = "R5T.F0125", "..\..\R5T.F0125\source\R5T.F0125\R5T.F0125.csproj", "{AD7E6BED-B7B0-4AF9-9FB8-C38BCB236631}"
EndProject
Project("{9A19103F-16F7-4668-BE54-9A1E7A4F7556}") = "R5T.F0131", "..\..\R5T.F0131\source\R5T.F0131\R5T.F0131.csproj", "{959A4C5C-E8F0-4EA9-B1CF-0BBF9054BA8C}"
EndProject
Project("{9A19103F-16F7-4668-BE54-9A1E7A4F7556}") = "R5T.L0030.T000", "..\..\R5T.L0030\source\R5T.L0030.T000\R5T.L0030.T000.csproj", "{CD593B9F-7213-46D1-A69E-8D42C6C3CEB6}"
EndProject
Project("{9A19103F-16F7-4668-BE54-9A1E7A4F7556}") = "R5T.L0030", "..\..\R5T.L0030\source\R5T.L0030\R5T.L0030.csproj", "{A830EB42-6937-4908-BB17-FAA12E814366}"
EndProject
Project("{9A19103F-16F7-4668-BE54-9A1E7A4F7556}") = "R5T.L0034", "..\..\R5T.L0034\source\R5T.L0034\R5T.L0034.csproj", "{D9A20C11-6804-4FFD-9ECA-BDC6C124F0FA}"
EndProject
Project("{9A19103F-16F7-4668-BE54-9A1E7A4F7556}") = "R5T.L0035", "..\..\R5T.L0035\source\R5T.L0035\R5T.L0035.csproj", "{9E88F600-8921-433C-9D4A-5FC2FF253E5B}"
EndProject
Project("{9A19103F-16F7-4668-BE54-9A1E7A4F7556}") = "R5T.NG0009", "..\..\R5T.NG0009\source\R5T.NG0009\R5T.NG0009.csproj", "{D0DFDE2A-F00D-4F62-89D8-B791945F530E}"
EndProject
Project("{9A19103F-16F7-4668-BE54-9A1E7A4F7556}") = "R5T.NG0014", "..\..\R5T.NG0014\source\R5T.NG0014\R5T.NG0014.csproj", "{8CBC98AC-D786-4603-8091-0E113D20265C}"
EndProject
Project("{9A19103F-16F7-4668-BE54-9A1E7A4F7556}") = "R5T.O0003", "..\..\R5T.O0003\source\R5T.O0003\R5T.O0003.csproj", "{E564260F-D237-4584-8DAE-0DA3C514C959}"
EndProject
Project("{9A19103F-16F7-4668-BE54-9A1E7A4F7556}") = "R5T.O0004", "..\..\R5T.O0004\source\R5T.O0004\R5T.O0004.csproj", "{F600D7A3-8FAD-4C96-8647-78684363D28B}"
EndProject
Project("{9A19103F-16F7-4668-BE54-9A1E7A4F7556}") = "R5T.T0131", "..\..\R5T.T0131\source\R5T.T0131\R5T.T0131.csproj", "{A83CAC55-295A-4B14-A73A-19ABE34CCCCD}"
EndProject
Project("{9A19103F-16F7-4668-BE54-9A1E7A4F7556}") = "R5T.T0132", "..\..\R5T.T0132\source\R5T.T0132\R5T.T0132.csproj", "{4E8D4098-9E19-4E18-85D1-5C85D2C58216}"
EndProject
Project("{9A19103F-16F7-4668-BE54-9A1E7A4F7556}") = "R5T.T0142", "..\..\R5T.T0142\source\R5T.T0142\R5T.T0142.csproj", "{EB705FA6-478A-42B3-9E4F-32FFDB975791}"
EndProject
Project("{9A19103F-16F7-4668-BE54-9A1E7A4F7556}") = "R5T.T0143", "..\..\R5T.T0143\source\R5T.T0143\R5T.T0143.csproj", "{9D7C60D6-0E89-4C41-9D87-AA241D98F793}"
EndProject
Project("{9A19103F-16F7-4668-BE54-9A1E7A4F7556}") = "R5T.T0150", "..\..\R5T.T0150\source\R5T.T0150\R5T.T0150.csproj", "{B2B10277-67C0-42FC-8C99-8AA6011AE58B}"
EndProject
Project("{9A19103F-16F7-4668-BE54-9A1E7A4F7556}") = "R5T.T0151", "..\..\R5T.T0151\source\R5T.T0151\R5T.T0151.csproj", "{AD425274-F4AD-4356-A5B9-E8FEFB65539C}"
EndProject
Project("{9A19103F-16F7-4668-BE54-9A1E7A4F7556}") = "R5T.T0154", "..\..\R5T.T0154\source\R5T.T0154\R5T.T0154.csproj", "{97C3D76B-D5F8-4D9F-A50E-A85407A6F380}"
EndProject
Project("{9A19103F-16F7-4668-BE54-9A1E7A4F7556}") = "R5T.T0156", "..\..\R5T.T0156\source\R5T.T0156\R5T.T0156.csproj", "{8582BEEF-507B-49F0-96CB-501A6B574551}"
EndProject
Project("{9A19103F-16F7-4668-BE54-9A1E7A4F7556}") = "R5T.T0161", "..\..\R5T.T0161\source\R5T.T0161\R5T.T0161.csproj", "{682DED52-6EDD-4DF3-B276-3B98BB93059C}"
EndProject
Project("{9A19103F-16F7-4668-BE54-9A1E7A4F7556}") = "R5T.T0172", "..\..\R5T.T0172\source\R5T.T0172\R5T.T0172.csproj", "{6B2B266D-D45A-4606-BC72-937121B87154}"
EndProject
Project("{9A19103F-16F7-4668-BE54-9A1E7A4F7556}") = "R5T.T0174", "..\..\R5T.T0174\source\R5T.T0174\R5T.T0174.csproj", "{3A2903CA-26EF-4819-B8E5-606BB9025A8A}"
EndProject
Project("{9A19103F-16F7-4668-BE54-9A1E7A4F7556}") = "R5T.T0176", "..\..\R5T.T0176\source\R5T.T0176\R5T.T0176.csproj", "{974060D7-6121-44D1-9D0F-7B69F8BD53EE}"
EndProject
Project("{9A19103F-16F7-4668-BE54-9A1E7A4F7556}") = "R5T.T0177", "..\..\R5T.T0177\source\R5T.T0177\R5T.T0177.csproj", "{166A0897-3F1E-442E-8F6F-4B83AF79032D}"
EndProject
Project("{9A19103F-16F7-4668-BE54-9A1E7A4F7556}") = "R5T.T0178", "..\..\R5T.T0178\source\R5T.T0178\R5T.T0178.csproj", "{7F1BC323-7D1B-4BA6-A8A4-02FA8E6E10CB}"
EndProject
Project("{9A19103F-16F7-4668-BE54-9A1E7A4F7556}") = "R5T.T0179", "..\..\R5T.T0179\source\R5T.T0179\R5T.T0179.csproj", "{B38B6BF9-444E-4C3A-AC31-FC4028C2C418}"
EndProject
Project("{9A19103F-16F7-4668-BE54-9A1E7A4F7556}") = "R5T.T0180", "..\..\R5T.T0180\source\R5T.T0180\R5T.T0180.csproj", "{2374215F-DC30-4EC0-9A5A-866F0CCEFB43}"
EndProject
Project("{9A19103F-16F7-4668-BE54-9A1E7A4F7556}") = "R5T.T0181", "..\..\R5T.T0181\source\R5T.T0181\R5T.T0181.csproj", "{EB870119-07D2-4DA9-A6AD-CF373EDEA758}"
EndProject
Project("{9A19103F-16F7-4668-BE54-9A1E7A4F7556}") = "R5T.T0185", "..\..\R5T.T0185\source\R5T.T0185\R5T.T0185.csproj", "{57E0AEFC-AAC9-41C7-9781-14E370FDA55F}"
EndProject
Project("{9A19103F-16F7-4668-BE54-9A1E7A4F7556}") = "R5T.T0193", "..\..\R5T.T0193\source\R5T.T0193\R5T.T0193.csproj", "{43444793-5E63-4FB6-8BA6-D298DF25C579}"
EndProject
Project("{9A19103F-16F7-4668-BE54-9A1E7A4F7556}") = "R5T.T0203", "..\..\R5T.T0203\source\R5T.T0203\R5T.T0203.csproj", "{688FEE16-728D-40EB-86A6-C1A9332D23A2}"
EndProject
Project("{9A19103F-16F7-4668-BE54-9A1E7A4F7556}") = "R5T.Y0000", "..\..\R5T.Y0000\source\R5T.Y0000\R5T.Y0000.csproj", "{F1005887-8E7B-4A52-8446-4818CF1BDFD2}"
EndProject
Project("{9A19103F-16F7-4668-BE54-9A1E7A4F7556}") = "R5T.Z0000", "..\..\R5T.Z0000\source\R5T.Z0000\R5T.Z0000.csproj", "{613693B6-E780-4697-8437-88275BFC7DDC}"
EndProject
Project("{9A19103F-16F7-4668-BE54-9A1E7A4F7556}") = "R5T.L0032.T000", "..\..\R5T.L0032\source\R5T.L0032.T000\R5T.L0032.T000.csproj", "{E7F204BD-7579-48D5-8649-96C35A34556F}"
EndProject
Project("{9A19103F-16F7-4668-BE54-9A1E7A4F7556}") = "R5T.T0184", "..\..\R5T.T0184\source\R5T.T0184\R5T.T0184.csproj", "{773FAF00-8D48-4321-BB94-1EFC2E9FD902}"
EndProject
Project("{9A19103F-16F7-4668-BE54-9A1E7A4F7556}") = "R5T.T0186", "..\..\R5T.T0186\source\R5T.T0186\R5T.T0186.csproj", "{8264257C-6137-4976-A0CE-21D5531D3525}"
EndProject
Project("{9A19103F-16F7-4668-BE54-9A1E7A4F7556}") = "R5T.T0187", "..\..\R5T.T0187\source\R5T.T0187\R5T.T0187.csproj", "{C52AE9E2-BFC5-4CCB-96D3-4FA39A01CC32}"
EndProject
Project("{9A19103F-16F7-4668-BE54-9A1E7A4F7556}") = "R5T.T0196", "..\..\R5T.T0196\source\R5T.T0196\R5T.T0196.csproj", "{DF1A6647-6D19-46F0-AABE-A8866EB36A4D}"
EndProject
Project("{9A19103F-16F7-4668-BE54-9A1E7A4F7556}") = "R5T.T0197", "..\..\R5T.T0197\source\R5T.T0197\R5T.T0197.csproj", "{D1ACA704-8511-4203-8739-0D4082C3130B}"
EndProject
Project("{9A19103F-16F7-4668-BE54-9A1E7A4F7556}") = "R5T.T0198", "..\..\R5T.T0198\source\R5T.T0198\R5T.T0198.csproj", "{5E473512-36A5-4A35-A626-99BC59C9C1DD}"
EndProject
Project("{9A19103F-16F7-4668-BE54-9A1E7A4F7556}") = "R5T.Z0046", "..\..\R5T.Z0046\source\R5T.Z0046\R5T.Z0046.csproj", "{2485945C-B5CB-4821-AB1F-1179D833BACA}"
EndProject
Project("{9A19103F-16F7-4668-BE54-9A1E7A4F7556}") = "R5T.F0033", "..\..\R5T.F0033\source\R5T.F0033\R5T.F0033.csproj", "{6CCBD366-863F-4421-B90B-FCC0D4DEAA1C}"
EndProject
Global
	GlobalSection(NestedProjects) = preSolution
		{E95FF2F5-E931-4A25-892C-2C9497730390} = {98ADB278-5E19-427E-8508-5A56D5E0DA0B}
		{3E2FB4A3-8110-452B-A50D-05BA64820853} = {98ADB278-5E19-427E-8508-5A56D5E0DA0B}
		{5EA0BB80-03E7-4DAF-83FC-78FB9BE57395} = {98ADB278-5E19-427E-8508-5A56D5E0DA0B}
		{E132EBEF-8760-4CDC-AB4D-170D9F4D46A7} = {98ADB278-5E19-427E-8508-5A56D5E0DA0B}
		{1F4CE423-BC6E-47AF-A1AE-F1DC5950924D} = {98ADB278-5E19-427E-8508-5A56D5E0DA0B}
		{BA9C68C3-80E3-4370-8D5A-E3B16BCF65D2} = {98ADB278-5E19-427E-8508-5A56D5E0DA0B}
		{78E48E57-B6BA-41AF-A691-94A5CC9B15BC} = {98ADB278-5E19-427E-8508-5A56D5E0DA0B}
		{6171E8E2-C19E-4125-A99E-8C7616790B60} = {98ADB278-5E19-427E-8508-5A56D5E0DA0B}
		{AAE032F0-106D-40F3-9FE6-E79CD4F872E3} = {98ADB278-5E19-427E-8508-5A56D5E0DA0B}
		{AF113224-BA0B-4ED5-80DF-F52335C25932} = {98ADB278-5E19-427E-8508-5A56D5E0DA0B}
		{40E634DF-4FB8-4543-8082-0206462E4F08} = {98ADB278-5E19-427E-8508-5A56D5E0DA0B}
		{57FEF601-D392-4650-BD2A-470CD9539D1F} = {98ADB278-5E19-427E-8508-5A56D5E0DA0B}
		{AD7E6BED-B7B0-4AF9-9FB8-C38BCB236631} = {98ADB278-5E19-427E-8508-5A56D5E0DA0B}
		{959A4C5C-E8F0-4EA9-B1CF-0BBF9054BA8C} = {98ADB278-5E19-427E-8508-5A56D5E0DA0B}
		{CD593B9F-7213-46D1-A69E-8D42C6C3CEB6} = {98ADB278-5E19-427E-8508-5A56D5E0DA0B}
		{A830EB42-6937-4908-BB17-FAA12E814366} = {98ADB278-5E19-427E-8508-5A56D5E0DA0B}
		{D9A20C11-6804-4FFD-9ECA-BDC6C124F0FA} = {98ADB278-5E19-427E-8508-5A56D5E0DA0B}
		{9E88F600-8921-433C-9D4A-5FC2FF253E5B} = {98ADB278-5E19-427E-8508-5A56D5E0DA0B}
		{D0DFDE2A-F00D-4F62-89D8-B791945F530E} = {98ADB278-5E19-427E-8508-5A56D5E0DA0B}
		{8CBC98AC-D786-4603-8091-0E113D20265C} = {98ADB278-5E19-427E-8508-5A56D5E0DA0B}
		{E564260F-D237-4584-8DAE-0DA3C514C959} = {98ADB278-5E19-427E-8508-5A56D5E0DA0B}
		{F600D7A3-8FAD-4C96-8647-78684363D28B} = {98ADB278-5E19-427E-8508-5A56D5E0DA0B}
		{A83CAC55-295A-4B14-A73A-19ABE34CCCCD} = {98ADB278-5E19-427E-8508-5A56D5E0DA0B}
		{4E8D4098-9E19-4E18-85D1-5C85D2C58216} = {98ADB278-5E19-427E-8508-5A56D5E0DA0B}
		{EB705FA6-478A-42B3-9E4F-32FFDB975791} = {98ADB278-5E19-427E-8508-5A56D5E0DA0B}
		{9D7C60D6-0E89-4C41-9D87-AA241D98F793} = {98ADB278-5E19-427E-8508-5A56D5E0DA0B}
		{B2B10277-67C0-42FC-8C99-8AA6011AE58B} = {98ADB278-5E19-427E-8508-5A56D5E0DA0B}
		{AD425274-F4AD-4356-A5B9-E8FEFB65539C} = {98ADB278-5E19-427E-8508-5A56D5E0DA0B}
		{97C3D76B-D5F8-4D9F-A50E-A85407A6F380} = {98ADB278-5E19-427E-8508-5A56D5E0DA0B}
		{8582BEEF-507B-49F0-96CB-501A6B574551} = {98ADB278-5E19-427E-8508-5A56D5E0DA0B}
		{682DED52-6EDD-4DF3-B276-3B98BB93059C} = {98ADB278-5E19-427E-8508-5A56D5E0DA0B}
		{6B2B266D-D45A-4606-BC72-937121B87154} = {98ADB278-5E19-427E-8508-5A56D5E0DA0B}
		{3A2903CA-26EF-4819-B8E5-606BB9025A8A} = {98ADB278-5E19-427E-8508-5A56D5E0DA0B}
		{974060D7-6121-44D1-9D0F-7B69F8BD53EE} = {98ADB278-5E19-427E-8508-5A56D5E0DA0B}
		{166A0897-3F1E-442E-8F6F-4B83AF79032D} = {98ADB278-5E19-427E-8508-5A56D5E0DA0B}
		{7F1BC323-7D1B-4BA6-A8A4-02FA8E6E10CB} = {98ADB278-5E19-427E-8508-5A56D5E0DA0B}
		{B38B6BF9-444E-4C3A-AC31-FC4028C2C418} = {98ADB278-5E19-427E-8508-5A56D5E0DA0B}
		{2374215F-DC30-4EC0-9A5A-866F0CCEFB43} = {98ADB278-5E19-427E-8508-5A56D5E0DA0B}
		{EB870119-07D2-4DA9-A6AD-CF373EDEA758} = {98ADB278-5E19-427E-8508-5A56D5E0DA0B}
		{57E0AEFC-AAC9-41C7-9781-14E370FDA55F} = {98ADB278-5E19-427E-8508-5A56D5E0DA0B}
		{43444793-5E63-4FB6-8BA6-D298DF25C579} = {98ADB278-5E19-427E-8508-5A56D5E0DA0B}
		{688FEE16-728D-40EB-86A6-C1A9332D23A2} = {98ADB278-5E19-427E-8508-5A56D5E0DA0B}
		{F1005887-8E7B-4A52-8446-4818CF1BDFD2} = {98ADB278-5E19-427E-8508-5A56D5E0DA0B}
		{613693B6-E780-4697-8437-88275BFC7DDC} = {98ADB278-5E19-427E-8508-5A56D5E0DA0B}
		{E7F204BD-7579-48D5-8649-96C35A34556F} = {98ADB278-5E19-427E-8508-5A56D5E0DA0B}
		{773FAF00-8D48-4321-BB94-1EFC2E9FD902} = {98ADB278-5E19-427E-8508-5A56D5E0DA0B}
		{8264257C-6137-4976-A0CE-21D5531D3525} = {98ADB278-5E19-427E-8508-5A56D5E0DA0B}
		{C52AE9E2-BFC5-4CCB-96D3-4FA39A01CC32} = {98ADB278-5E19-427E-8508-5A56D5E0DA0B}
		{DF1A6647-6D19-46F0-AABE-A8866EB36A4D} = {98ADB278-5E19-427E-8508-5A56D5E0DA0B}
		{D1ACA704-8511-4203-8739-0D4082C3130B} = {98ADB278-5E19-427E-8508-5A56D5E0DA0B}
		{5E473512-36A5-4A35-A626-99BC59C9C1DD} = {98ADB278-5E19-427E-8508-5A56D5E0DA0B}
		{2485945C-B5CB-4821-AB1F-1179D833BACA} = {98ADB278-5E19-427E-8508-5A56D5E0DA0B}
		{6CCBD366-863F-4421-B90B-FCC0D4DEAA1C} = {98ADB278-5E19-427E-8508-5A56D5E0DA0B}
	EndGlobalSection
	GlobalSection(SolutionConfigurationPlatforms) = preSolution
		Debug|Any CPU = Debug|Any CPU
		Release|Any CPU = Release|Any CPU
	EndGlobalSection
	GlobalSection(ProjectConfigurationPlatforms) = postSolution
		{1AF55908-BAFD-43AD-BD1E-D5E39108D7E6}.Debug|Any CPU.ActiveCfg = Debug|Any CPU
		{1AF55908-BAFD-43AD-BD1E-D5E39108D7E6}.Debug|Any CPU.Build.0 = Debug|Any CPU
		{1AF55908-BAFD-43AD-BD1E-D5E39108D7E6}.Release|Any CPU.ActiveCfg = Release|Any CPU
		{1AF55908-BAFD-43AD-BD1E-D5E39108D7E6}.Release|Any CPU.Build.0 = Release|Any CPU
		{E95FF2F5-E931-4A25-892C-2C9497730390}.Debug|Any CPU.ActiveCfg = Debug|Any CPU
		{E95FF2F5-E931-4A25-892C-2C9497730390}.Debug|Any CPU.Build.0 = Debug|Any CPU
		{E95FF2F5-E931-4A25-892C-2C9497730390}.Release|Any CPU.ActiveCfg = Release|Any CPU
		{E95FF2F5-E931-4A25-892C-2C9497730390}.Release|Any CPU.Build.0 = Release|Any CPU
		{3E2FB4A3-8110-452B-A50D-05BA64820853}.Debug|Any CPU.ActiveCfg = Debug|Any CPU
		{3E2FB4A3-8110-452B-A50D-05BA64820853}.Debug|Any CPU.Build.0 = Debug|Any CPU
		{3E2FB4A3-8110-452B-A50D-05BA64820853}.Release|Any CPU.ActiveCfg = Release|Any CPU
		{3E2FB4A3-8110-452B-A50D-05BA64820853}.Release|Any CPU.Build.0 = Release|Any CPU
		{5EA0BB80-03E7-4DAF-83FC-78FB9BE57395}.Debug|Any CPU.ActiveCfg = Debug|Any CPU
		{5EA0BB80-03E7-4DAF-83FC-78FB9BE57395}.Debug|Any CPU.Build.0 = Debug|Any CPU
		{5EA0BB80-03E7-4DAF-83FC-78FB9BE57395}.Release|Any CPU.ActiveCfg = Release|Any CPU
		{5EA0BB80-03E7-4DAF-83FC-78FB9BE57395}.Release|Any CPU.Build.0 = Release|Any CPU
		{E132EBEF-8760-4CDC-AB4D-170D9F4D46A7}.Debug|Any CPU.ActiveCfg = Debug|Any CPU
		{E132EBEF-8760-4CDC-AB4D-170D9F4D46A7}.Debug|Any CPU.Build.0 = Debug|Any CPU
		{E132EBEF-8760-4CDC-AB4D-170D9F4D46A7}.Release|Any CPU.ActiveCfg = Release|Any CPU
		{E132EBEF-8760-4CDC-AB4D-170D9F4D46A7}.Release|Any CPU.Build.0 = Release|Any CPU
		{1F4CE423-BC6E-47AF-A1AE-F1DC5950924D}.Debug|Any CPU.ActiveCfg = Debug|Any CPU
		{1F4CE423-BC6E-47AF-A1AE-F1DC5950924D}.Debug|Any CPU.Build.0 = Debug|Any CPU
		{1F4CE423-BC6E-47AF-A1AE-F1DC5950924D}.Release|Any CPU.ActiveCfg = Release|Any CPU
		{1F4CE423-BC6E-47AF-A1AE-F1DC5950924D}.Release|Any CPU.Build.0 = Release|Any CPU
		{BA9C68C3-80E3-4370-8D5A-E3B16BCF65D2}.Debug|Any CPU.ActiveCfg = Debug|Any CPU
		{BA9C68C3-80E3-4370-8D5A-E3B16BCF65D2}.Debug|Any CPU.Build.0 = Debug|Any CPU
		{BA9C68C3-80E3-4370-8D5A-E3B16BCF65D2}.Release|Any CPU.ActiveCfg = Release|Any CPU
		{BA9C68C3-80E3-4370-8D5A-E3B16BCF65D2}.Release|Any CPU.Build.0 = Release|Any CPU
		{78E48E57-B6BA-41AF-A691-94A5CC9B15BC}.Debug|Any CPU.ActiveCfg = Debug|Any CPU
		{78E48E57-B6BA-41AF-A691-94A5CC9B15BC}.Debug|Any CPU.Build.0 = Debug|Any CPU
		{78E48E57-B6BA-41AF-A691-94A5CC9B15BC}.Release|Any CPU.ActiveCfg = Release|Any CPU
		{78E48E57-B6BA-41AF-A691-94A5CC9B15BC}.Release|Any CPU.Build.0 = Release|Any CPU
		{6171E8E2-C19E-4125-A99E-8C7616790B60}.Debug|Any CPU.ActiveCfg = Debug|Any CPU
		{6171E8E2-C19E-4125-A99E-8C7616790B60}.Debug|Any CPU.Build.0 = Debug|Any CPU
		{6171E8E2-C19E-4125-A99E-8C7616790B60}.Release|Any CPU.ActiveCfg = Release|Any CPU
		{6171E8E2-C19E-4125-A99E-8C7616790B60}.Release|Any CPU.Build.0 = Release|Any CPU
		{AAE032F0-106D-40F3-9FE6-E79CD4F872E3}.Debug|Any CPU.ActiveCfg = Debug|Any CPU
		{AAE032F0-106D-40F3-9FE6-E79CD4F872E3}.Debug|Any CPU.Build.0 = Debug|Any CPU
		{AAE032F0-106D-40F3-9FE6-E79CD4F872E3}.Release|Any CPU.ActiveCfg = Release|Any CPU
		{AAE032F0-106D-40F3-9FE6-E79CD4F872E3}.Release|Any CPU.Build.0 = Release|Any CPU
		{AF113224-BA0B-4ED5-80DF-F52335C25932}.Debug|Any CPU.ActiveCfg = Debug|Any CPU
		{AF113224-BA0B-4ED5-80DF-F52335C25932}.Debug|Any CPU.Build.0 = Debug|Any CPU
		{AF113224-BA0B-4ED5-80DF-F52335C25932}.Release|Any CPU.ActiveCfg = Release|Any CPU
		{AF113224-BA0B-4ED5-80DF-F52335C25932}.Release|Any CPU.Build.0 = Release|Any CPU
		{40E634DF-4FB8-4543-8082-0206462E4F08}.Debug|Any CPU.ActiveCfg = Debug|Any CPU
		{40E634DF-4FB8-4543-8082-0206462E4F08}.Debug|Any CPU.Build.0 = Debug|Any CPU
		{40E634DF-4FB8-4543-8082-0206462E4F08}.Release|Any CPU.ActiveCfg = Release|Any CPU
		{40E634DF-4FB8-4543-8082-0206462E4F08}.Release|Any CPU.Build.0 = Release|Any CPU
		{57FEF601-D392-4650-BD2A-470CD9539D1F}.Debug|Any CPU.ActiveCfg = Debug|Any CPU
		{57FEF601-D392-4650-BD2A-470CD9539D1F}.Debug|Any CPU.Build.0 = Debug|Any CPU
		{57FEF601-D392-4650-BD2A-470CD9539D1F}.Release|Any CPU.ActiveCfg = Release|Any CPU
		{57FEF601-D392-4650-BD2A-470CD9539D1F}.Release|Any CPU.Build.0 = Release|Any CPU
		{AD7E6BED-B7B0-4AF9-9FB8-C38BCB236631}.Debug|Any CPU.ActiveCfg = Debug|Any CPU
		{AD7E6BED-B7B0-4AF9-9FB8-C38BCB236631}.Debug|Any CPU.Build.0 = Debug|Any CPU
		{AD7E6BED-B7B0-4AF9-9FB8-C38BCB236631}.Release|Any CPU.ActiveCfg = Release|Any CPU
		{AD7E6BED-B7B0-4AF9-9FB8-C38BCB236631}.Release|Any CPU.Build.0 = Release|Any CPU
		{959A4C5C-E8F0-4EA9-B1CF-0BBF9054BA8C}.Debug|Any CPU.ActiveCfg = Debug|Any CPU
		{959A4C5C-E8F0-4EA9-B1CF-0BBF9054BA8C}.Debug|Any CPU.Build.0 = Debug|Any CPU
		{959A4C5C-E8F0-4EA9-B1CF-0BBF9054BA8C}.Release|Any CPU.ActiveCfg = Release|Any CPU
		{959A4C5C-E8F0-4EA9-B1CF-0BBF9054BA8C}.Release|Any CPU.Build.0 = Release|Any CPU
		{CD593B9F-7213-46D1-A69E-8D42C6C3CEB6}.Debug|Any CPU.ActiveCfg = Debug|Any CPU
		{CD593B9F-7213-46D1-A69E-8D42C6C3CEB6}.Debug|Any CPU.Build.0 = Debug|Any CPU
		{CD593B9F-7213-46D1-A69E-8D42C6C3CEB6}.Release|Any CPU.ActiveCfg = Release|Any CPU
		{CD593B9F-7213-46D1-A69E-8D42C6C3CEB6}.Release|Any CPU.Build.0 = Release|Any CPU
		{A830EB42-6937-4908-BB17-FAA12E814366}.Debug|Any CPU.ActiveCfg = Debug|Any CPU
		{A830EB42-6937-4908-BB17-FAA12E814366}.Debug|Any CPU.Build.0 = Debug|Any CPU
		{A830EB42-6937-4908-BB17-FAA12E814366}.Release|Any CPU.ActiveCfg = Release|Any CPU
		{A830EB42-6937-4908-BB17-FAA12E814366}.Release|Any CPU.Build.0 = Release|Any CPU
		{D9A20C11-6804-4FFD-9ECA-BDC6C124F0FA}.Debug|Any CPU.ActiveCfg = Debug|Any CPU
		{D9A20C11-6804-4FFD-9ECA-BDC6C124F0FA}.Debug|Any CPU.Build.0 = Debug|Any CPU
		{D9A20C11-6804-4FFD-9ECA-BDC6C124F0FA}.Release|Any CPU.ActiveCfg = Release|Any CPU
		{D9A20C11-6804-4FFD-9ECA-BDC6C124F0FA}.Release|Any CPU.Build.0 = Release|Any CPU
		{9E88F600-8921-433C-9D4A-5FC2FF253E5B}.Debug|Any CPU.ActiveCfg = Debug|Any CPU
		{9E88F600-8921-433C-9D4A-5FC2FF253E5B}.Debug|Any CPU.Build.0 = Debug|Any CPU
		{9E88F600-8921-433C-9D4A-5FC2FF253E5B}.Release|Any CPU.ActiveCfg = Release|Any CPU
		{9E88F600-8921-433C-9D4A-5FC2FF253E5B}.Release|Any CPU.Build.0 = Release|Any CPU
		{D0DFDE2A-F00D-4F62-89D8-B791945F530E}.Debug|Any CPU.ActiveCfg = Debug|Any CPU
		{D0DFDE2A-F00D-4F62-89D8-B791945F530E}.Debug|Any CPU.Build.0 = Debug|Any CPU
		{D0DFDE2A-F00D-4F62-89D8-B791945F530E}.Release|Any CPU.ActiveCfg = Release|Any CPU
		{D0DFDE2A-F00D-4F62-89D8-B791945F530E}.Release|Any CPU.Build.0 = Release|Any CPU
		{8CBC98AC-D786-4603-8091-0E113D20265C}.Debug|Any CPU.ActiveCfg = Debug|Any CPU
		{8CBC98AC-D786-4603-8091-0E113D20265C}.Debug|Any CPU.Build.0 = Debug|Any CPU
		{8CBC98AC-D786-4603-8091-0E113D20265C}.Release|Any CPU.ActiveCfg = Release|Any CPU
		{8CBC98AC-D786-4603-8091-0E113D20265C}.Release|Any CPU.Build.0 = Release|Any CPU
		{E564260F-D237-4584-8DAE-0DA3C514C959}.Debug|Any CPU.ActiveCfg = Debug|Any CPU
		{E564260F-D237-4584-8DAE-0DA3C514C959}.Debug|Any CPU.Build.0 = Debug|Any CPU
		{E564260F-D237-4584-8DAE-0DA3C514C959}.Release|Any CPU.ActiveCfg = Release|Any CPU
		{E564260F-D237-4584-8DAE-0DA3C514C959}.Release|Any CPU.Build.0 = Release|Any CPU
		{F600D7A3-8FAD-4C96-8647-78684363D28B}.Debug|Any CPU.ActiveCfg = Debug|Any CPU
		{F600D7A3-8FAD-4C96-8647-78684363D28B}.Debug|Any CPU.Build.0 = Debug|Any CPU
		{F600D7A3-8FAD-4C96-8647-78684363D28B}.Release|Any CPU.ActiveCfg = Release|Any CPU
		{F600D7A3-8FAD-4C96-8647-78684363D28B}.Release|Any CPU.Build.0 = Release|Any CPU
		{A83CAC55-295A-4B14-A73A-19ABE34CCCCD}.Debug|Any CPU.ActiveCfg = Debug|Any CPU
		{A83CAC55-295A-4B14-A73A-19ABE34CCCCD}.Debug|Any CPU.Build.0 = Debug|Any CPU
		{A83CAC55-295A-4B14-A73A-19ABE34CCCCD}.Release|Any CPU.ActiveCfg = Release|Any CPU
		{A83CAC55-295A-4B14-A73A-19ABE34CCCCD}.Release|Any CPU.Build.0 = Release|Any CPU
		{4E8D4098-9E19-4E18-85D1-5C85D2C58216}.Debug|Any CPU.ActiveCfg = Debug|Any CPU
		{4E8D4098-9E19-4E18-85D1-5C85D2C58216}.Debug|Any CPU.Build.0 = Debug|Any CPU
		{4E8D4098-9E19-4E18-85D1-5C85D2C58216}.Release|Any CPU.ActiveCfg = Release|Any CPU
		{4E8D4098-9E19-4E18-85D1-5C85D2C58216}.Release|Any CPU.Build.0 = Release|Any CPU
		{EB705FA6-478A-42B3-9E4F-32FFDB975791}.Debug|Any CPU.ActiveCfg = Debug|Any CPU
		{EB705FA6-478A-42B3-9E4F-32FFDB975791}.Debug|Any CPU.Build.0 = Debug|Any CPU
		{EB705FA6-478A-42B3-9E4F-32FFDB975791}.Release|Any CPU.ActiveCfg = Release|Any CPU
		{EB705FA6-478A-42B3-9E4F-32FFDB975791}.Release|Any CPU.Build.0 = Release|Any CPU
		{9D7C60D6-0E89-4C41-9D87-AA241D98F793}.Debug|Any CPU.ActiveCfg = Debug|Any CPU
		{9D7C60D6-0E89-4C41-9D87-AA241D98F793}.Debug|Any CPU.Build.0 = Debug|Any CPU
		{9D7C60D6-0E89-4C41-9D87-AA241D98F793}.Release|Any CPU.ActiveCfg = Release|Any CPU
		{9D7C60D6-0E89-4C41-9D87-AA241D98F793}.Release|Any CPU.Build.0 = Release|Any CPU
		{B2B10277-67C0-42FC-8C99-8AA6011AE58B}.Debug|Any CPU.ActiveCfg = Debug|Any CPU
		{B2B10277-67C0-42FC-8C99-8AA6011AE58B}.Debug|Any CPU.Build.0 = Debug|Any CPU
		{B2B10277-67C0-42FC-8C99-8AA6011AE58B}.Release|Any CPU.ActiveCfg = Release|Any CPU
		{B2B10277-67C0-42FC-8C99-8AA6011AE58B}.Release|Any CPU.Build.0 = Release|Any CPU
		{AD425274-F4AD-4356-A5B9-E8FEFB65539C}.Debug|Any CPU.ActiveCfg = Debug|Any CPU
		{AD425274-F4AD-4356-A5B9-E8FEFB65539C}.Debug|Any CPU.Build.0 = Debug|Any CPU
		{AD425274-F4AD-4356-A5B9-E8FEFB65539C}.Release|Any CPU.ActiveCfg = Release|Any CPU
		{AD425274-F4AD-4356-A5B9-E8FEFB65539C}.Release|Any CPU.Build.0 = Release|Any CPU
		{97C3D76B-D5F8-4D9F-A50E-A85407A6F380}.Debug|Any CPU.ActiveCfg = Debug|Any CPU
		{97C3D76B-D5F8-4D9F-A50E-A85407A6F380}.Debug|Any CPU.Build.0 = Debug|Any CPU
		{97C3D76B-D5F8-4D9F-A50E-A85407A6F380}.Release|Any CPU.ActiveCfg = Release|Any CPU
		{97C3D76B-D5F8-4D9F-A50E-A85407A6F380}.Release|Any CPU.Build.0 = Release|Any CPU
		{8582BEEF-507B-49F0-96CB-501A6B574551}.Debug|Any CPU.ActiveCfg = Debug|Any CPU
		{8582BEEF-507B-49F0-96CB-501A6B574551}.Debug|Any CPU.Build.0 = Debug|Any CPU
		{8582BEEF-507B-49F0-96CB-501A6B574551}.Release|Any CPU.ActiveCfg = Release|Any CPU
		{8582BEEF-507B-49F0-96CB-501A6B574551}.Release|Any CPU.Build.0 = Release|Any CPU
		{682DED52-6EDD-4DF3-B276-3B98BB93059C}.Debug|Any CPU.ActiveCfg = Debug|Any CPU
		{682DED52-6EDD-4DF3-B276-3B98BB93059C}.Debug|Any CPU.Build.0 = Debug|Any CPU
		{682DED52-6EDD-4DF3-B276-3B98BB93059C}.Release|Any CPU.ActiveCfg = Release|Any CPU
		{682DED52-6EDD-4DF3-B276-3B98BB93059C}.Release|Any CPU.Build.0 = Release|Any CPU
		{6B2B266D-D45A-4606-BC72-937121B87154}.Debug|Any CPU.ActiveCfg = Debug|Any CPU
		{6B2B266D-D45A-4606-BC72-937121B87154}.Debug|Any CPU.Build.0 = Debug|Any CPU
		{6B2B266D-D45A-4606-BC72-937121B87154}.Release|Any CPU.ActiveCfg = Release|Any CPU
		{6B2B266D-D45A-4606-BC72-937121B87154}.Release|Any CPU.Build.0 = Release|Any CPU
		{3A2903CA-26EF-4819-B8E5-606BB9025A8A}.Debug|Any CPU.ActiveCfg = Debug|Any CPU
		{3A2903CA-26EF-4819-B8E5-606BB9025A8A}.Debug|Any CPU.Build.0 = Debug|Any CPU
		{3A2903CA-26EF-4819-B8E5-606BB9025A8A}.Release|Any CPU.ActiveCfg = Release|Any CPU
		{3A2903CA-26EF-4819-B8E5-606BB9025A8A}.Release|Any CPU.Build.0 = Release|Any CPU
		{974060D7-6121-44D1-9D0F-7B69F8BD53EE}.Debug|Any CPU.ActiveCfg = Debug|Any CPU
		{974060D7-6121-44D1-9D0F-7B69F8BD53EE}.Debug|Any CPU.Build.0 = Debug|Any CPU
		{974060D7-6121-44D1-9D0F-7B69F8BD53EE}.Release|Any CPU.ActiveCfg = Release|Any CPU
		{974060D7-6121-44D1-9D0F-7B69F8BD53EE}.Release|Any CPU.Build.0 = Release|Any CPU
		{166A0897-3F1E-442E-8F6F-4B83AF79032D}.Debug|Any CPU.ActiveCfg = Debug|Any CPU
		{166A0897-3F1E-442E-8F6F-4B83AF79032D}.Debug|Any CPU.Build.0 = Debug|Any CPU
		{166A0897-3F1E-442E-8F6F-4B83AF79032D}.Release|Any CPU.ActiveCfg = Release|Any CPU
		{166A0897-3F1E-442E-8F6F-4B83AF79032D}.Release|Any CPU.Build.0 = Release|Any CPU
		{7F1BC323-7D1B-4BA6-A8A4-02FA8E6E10CB}.Debug|Any CPU.ActiveCfg = Debug|Any CPU
		{7F1BC323-7D1B-4BA6-A8A4-02FA8E6E10CB}.Debug|Any CPU.Build.0 = Debug|Any CPU
		{7F1BC323-7D1B-4BA6-A8A4-02FA8E6E10CB}.Release|Any CPU.ActiveCfg = Release|Any CPU
		{7F1BC323-7D1B-4BA6-A8A4-02FA8E6E10CB}.Release|Any CPU.Build.0 = Release|Any CPU
		{B38B6BF9-444E-4C3A-AC31-FC4028C2C418}.Debug|Any CPU.ActiveCfg = Debug|Any CPU
		{B38B6BF9-444E-4C3A-AC31-FC4028C2C418}.Debug|Any CPU.Build.0 = Debug|Any CPU
		{B38B6BF9-444E-4C3A-AC31-FC4028C2C418}.Release|Any CPU.ActiveCfg = Release|Any CPU
		{B38B6BF9-444E-4C3A-AC31-FC4028C2C418}.Release|Any CPU.Build.0 = Release|Any CPU
		{2374215F-DC30-4EC0-9A5A-866F0CCEFB43}.Debug|Any CPU.ActiveCfg = Debug|Any CPU
		{2374215F-DC30-4EC0-9A5A-866F0CCEFB43}.Debug|Any CPU.Build.0 = Debug|Any CPU
		{2374215F-DC30-4EC0-9A5A-866F0CCEFB43}.Release|Any CPU.ActiveCfg = Release|Any CPU
		{2374215F-DC30-4EC0-9A5A-866F0CCEFB43}.Release|Any CPU.Build.0 = Release|Any CPU
		{EB870119-07D2-4DA9-A6AD-CF373EDEA758}.Debug|Any CPU.ActiveCfg = Debug|Any CPU
		{EB870119-07D2-4DA9-A6AD-CF373EDEA758}.Debug|Any CPU.Build.0 = Debug|Any CPU
		{EB870119-07D2-4DA9-A6AD-CF373EDEA758}.Release|Any CPU.ActiveCfg = Release|Any CPU
		{EB870119-07D2-4DA9-A6AD-CF373EDEA758}.Release|Any CPU.Build.0 = Release|Any CPU
		{57E0AEFC-AAC9-41C7-9781-14E370FDA55F}.Debug|Any CPU.ActiveCfg = Debug|Any CPU
		{57E0AEFC-AAC9-41C7-9781-14E370FDA55F}.Debug|Any CPU.Build.0 = Debug|Any CPU
		{57E0AEFC-AAC9-41C7-9781-14E370FDA55F}.Release|Any CPU.ActiveCfg = Release|Any CPU
		{57E0AEFC-AAC9-41C7-9781-14E370FDA55F}.Release|Any CPU.Build.0 = Release|Any CPU
		{43444793-5E63-4FB6-8BA6-D298DF25C579}.Debug|Any CPU.ActiveCfg = Debug|Any CPU
		{43444793-5E63-4FB6-8BA6-D298DF25C579}.Debug|Any CPU.Build.0 = Debug|Any CPU
		{43444793-5E63-4FB6-8BA6-D298DF25C579}.Release|Any CPU.ActiveCfg = Release|Any CPU
		{43444793-5E63-4FB6-8BA6-D298DF25C579}.Release|Any CPU.Build.0 = Release|Any CPU
		{688FEE16-728D-40EB-86A6-C1A9332D23A2}.Debug|Any CPU.ActiveCfg = Debug|Any CPU
		{688FEE16-728D-40EB-86A6-C1A9332D23A2}.Debug|Any CPU.Build.0 = Debug|Any CPU
		{688FEE16-728D-40EB-86A6-C1A9332D23A2}.Release|Any CPU.ActiveCfg = Release|Any CPU
		{688FEE16-728D-40EB-86A6-C1A9332D23A2}.Release|Any CPU.Build.0 = Release|Any CPU
		{F1005887-8E7B-4A52-8446-4818CF1BDFD2}.Debug|Any CPU.ActiveCfg = Debug|Any CPU
		{F1005887-8E7B-4A52-8446-4818CF1BDFD2}.Debug|Any CPU.Build.0 = Debug|Any CPU
		{F1005887-8E7B-4A52-8446-4818CF1BDFD2}.Release|Any CPU.ActiveCfg = Release|Any CPU
		{F1005887-8E7B-4A52-8446-4818CF1BDFD2}.Release|Any CPU.Build.0 = Release|Any CPU
		{613693B6-E780-4697-8437-88275BFC7DDC}.Debug|Any CPU.ActiveCfg = Debug|Any CPU
		{613693B6-E780-4697-8437-88275BFC7DDC}.Debug|Any CPU.Build.0 = Debug|Any CPU
		{613693B6-E780-4697-8437-88275BFC7DDC}.Release|Any CPU.ActiveCfg = Release|Any CPU
		{613693B6-E780-4697-8437-88275BFC7DDC}.Release|Any CPU.Build.0 = Release|Any CPU
		{E7F204BD-7579-48D5-8649-96C35A34556F}.Debug|Any CPU.ActiveCfg = Debug|Any CPU
		{E7F204BD-7579-48D5-8649-96C35A34556F}.Debug|Any CPU.Build.0 = Debug|Any CPU
		{E7F204BD-7579-48D5-8649-96C35A34556F}.Release|Any CPU.ActiveCfg = Release|Any CPU
		{E7F204BD-7579-48D5-8649-96C35A34556F}.Release|Any CPU.Build.0 = Release|Any CPU
		{773FAF00-8D48-4321-BB94-1EFC2E9FD902}.Debug|Any CPU.ActiveCfg = Debug|Any CPU
		{773FAF00-8D48-4321-BB94-1EFC2E9FD902}.Debug|Any CPU.Build.0 = Debug|Any CPU
		{773FAF00-8D48-4321-BB94-1EFC2E9FD902}.Release|Any CPU.ActiveCfg = Release|Any CPU
		{773FAF00-8D48-4321-BB94-1EFC2E9FD902}.Release|Any CPU.Build.0 = Release|Any CPU
		{8264257C-6137-4976-A0CE-21D5531D3525}.Debug|Any CPU.ActiveCfg = Debug|Any CPU
		{8264257C-6137-4976-A0CE-21D5531D3525}.Debug|Any CPU.Build.0 = Debug|Any CPU
		{8264257C-6137-4976-A0CE-21D5531D3525}.Release|Any CPU.ActiveCfg = Release|Any CPU
		{8264257C-6137-4976-A0CE-21D5531D3525}.Release|Any CPU.Build.0 = Release|Any CPU
		{C52AE9E2-BFC5-4CCB-96D3-4FA39A01CC32}.Debug|Any CPU.ActiveCfg = Debug|Any CPU
		{C52AE9E2-BFC5-4CCB-96D3-4FA39A01CC32}.Debug|Any CPU.Build.0 = Debug|Any CPU
		{C52AE9E2-BFC5-4CCB-96D3-4FA39A01CC32}.Release|Any CPU.ActiveCfg = Release|Any CPU
		{C52AE9E2-BFC5-4CCB-96D3-4FA39A01CC32}.Release|Any CPU.Build.0 = Release|Any CPU
		{DF1A6647-6D19-46F0-AABE-A8866EB36A4D}.Debug|Any CPU.ActiveCfg = Debug|Any CPU
		{DF1A6647-6D19-46F0-AABE-A8866EB36A4D}.Debug|Any CPU.Build.0 = Debug|Any CPU
		{DF1A6647-6D19-46F0-AABE-A8866EB36A4D}.Release|Any CPU.ActiveCfg = Release|Any CPU
		{DF1A6647-6D19-46F0-AABE-A8866EB36A4D}.Release|Any CPU.Build.0 = Release|Any CPU
		{D1ACA704-8511-4203-8739-0D4082C3130B}.Debug|Any CPU.ActiveCfg = Debug|Any CPU
		{D1ACA704-8511-4203-8739-0D4082C3130B}.Debug|Any CPU.Build.0 = Debug|Any CPU
		{D1ACA704-8511-4203-8739-0D4082C3130B}.Release|Any CPU.ActiveCfg = Release|Any CPU
		{D1ACA704-8511-4203-8739-0D4082C3130B}.Release|Any CPU.Build.0 = Release|Any CPU
		{5E473512-36A5-4A35-A626-99BC59C9C1DD}.Debug|Any CPU.ActiveCfg = Debug|Any CPU
		{5E473512-36A5-4A35-A626-99BC59C9C1DD}.Debug|Any CPU.Build.0 = Debug|Any CPU
		{5E473512-36A5-4A35-A626-99BC59C9C1DD}.Release|Any CPU.ActiveCfg = Release|Any CPU
		{5E473512-36A5-4A35-A626-99BC59C9C1DD}.Release|Any CPU.Build.0 = Release|Any CPU
		{2485945C-B5CB-4821-AB1F-1179D833BACA}.Debug|Any CPU.ActiveCfg = Debug|Any CPU
		{2485945C-B5CB-4821-AB1F-1179D833BACA}.Debug|Any CPU.Build.0 = Debug|Any CPU
		{2485945C-B5CB-4821-AB1F-1179D833BACA}.Release|Any CPU.ActiveCfg = Release|Any CPU
		{2485945C-B5CB-4821-AB1F-1179D833BACA}.Release|Any CPU.Build.0 = Release|Any CPU
		{6CCBD366-863F-4421-B90B-FCC0D4DEAA1C}.Debug|Any CPU.ActiveCfg = Debug|Any CPU
		{6CCBD366-863F-4421-B90B-FCC0D4DEAA1C}.Debug|Any CPU.Build.0 = Debug|Any CPU
		{6CCBD366-863F-4421-B90B-FCC0D4DEAA1C}.Release|Any CPU.ActiveCfg = Release|Any CPU
		{6CCBD366-863F-4421-B90B-FCC0D4DEAA1C}.Release|Any CPU.Build.0 = Release|Any CPU
	EndGlobalSection
	GlobalSection(SolutionProperties) = preSolution
		HideSolutionNode = FALSE
	EndGlobalSection
	GlobalSection(ExtensibilityGlobals) = postSolution
		SolutionGuid = {03C195E0-E472-48EF-8D5D-493BFC9353D0}
	EndGlobalSection
EndGlobal
